// !$*UTF8*$!
{
	archiveVersion = 1;
	classes = {
	};
	objectVersion = 50;
	objects = {

/* Begin PBXBuildFile section */
		E304A1FE2679A84E00F7FA90 /* AppDelegate.swift in Sources */ = {isa = PBXBuildFile; fileRef = E304A1FD2679A84E00F7FA90 /* AppDelegate.swift */; };
		E304A2002679A84E00F7FA90 /* SceneDelegate.swift in Sources */ = {isa = PBXBuildFile; fileRef = E304A1FF2679A84E00F7FA90 /* SceneDelegate.swift */; };
		E304A2022679A84E00F7FA90 /* ViewController.swift in Sources */ = {isa = PBXBuildFile; fileRef = E304A2012679A84E00F7FA90 /* ViewController.swift */; };
		E304A2052679A84E00F7FA90 /* Main.storyboard in Resources */ = {isa = PBXBuildFile; fileRef = E304A2032679A84E00F7FA90 /* Main.storyboard */; };
		E304A2082679A84E00F7FA90 /* KisahKata.xcdatamodeld in Sources */ = {isa = PBXBuildFile; fileRef = E304A2062679A84E00F7FA90 /* KisahKata.xcdatamodeld */; };
		E304A20A2679A84E00F7FA90 /* Assets.xcassets in Resources */ = {isa = PBXBuildFile; fileRef = E304A2092679A84E00F7FA90 /* Assets.xcassets */; };
		E304A20D2679A84E00F7FA90 /* LaunchScreen.storyboard in Resources */ = {isa = PBXBuildFile; fileRef = E304A20B2679A84E00F7FA90 /* LaunchScreen.storyboard */; };
		E304A2182679A84F00F7FA90 /* KisahKataTests.swift in Sources */ = {isa = PBXBuildFile; fileRef = E304A2172679A84F00F7FA90 /* KisahKataTests.swift */; };
		E304A2232679A84F00F7FA90 /* KisahKataUITests.swift in Sources */ = {isa = PBXBuildFile; fileRef = E304A2222679A84F00F7FA90 /* KisahKataUITests.swift */; };
/* End PBXBuildFile section */

/* Begin PBXContainerItemProxy section */
		E304A2142679A84F00F7FA90 /* PBXContainerItemProxy */ = {
			isa = PBXContainerItemProxy;
			containerPortal = E304A1F22679A84E00F7FA90 /* Project object */;
			proxyType = 1;
			remoteGlobalIDString = E304A1F92679A84E00F7FA90;
			remoteInfo = KisahKata;
		};
		E304A21F2679A84F00F7FA90 /* PBXContainerItemProxy */ = {
			isa = PBXContainerItemProxy;
			containerPortal = E304A1F22679A84E00F7FA90 /* Project object */;
			proxyType = 1;
			remoteGlobalIDString = E304A1F92679A84E00F7FA90;
			remoteInfo = KisahKata;
		};
/* End PBXContainerItemProxy section */

/* Begin PBXFileReference section */
		E304A1FA2679A84E00F7FA90 /* KisahKata.app */ = {isa = PBXFileReference; explicitFileType = wrapper.application; includeInIndex = 0; path = KisahKata.app; sourceTree = BUILT_PRODUCTS_DIR; };
		E304A1FD2679A84E00F7FA90 /* AppDelegate.swift */ = {isa = PBXFileReference; lastKnownFileType = sourcecode.swift; path = AppDelegate.swift; sourceTree = "<group>"; };
		E304A1FF2679A84E00F7FA90 /* SceneDelegate.swift */ = {isa = PBXFileReference; lastKnownFileType = sourcecode.swift; path = SceneDelegate.swift; sourceTree = "<group>"; };
		E304A2012679A84E00F7FA90 /* ViewController.swift */ = {isa = PBXFileReference; lastKnownFileType = sourcecode.swift; path = ViewController.swift; sourceTree = "<group>"; };
		E304A2042679A84E00F7FA90 /* Base */ = {isa = PBXFileReference; lastKnownFileType = file.storyboard; name = Base; path = Base.lproj/Main.storyboard; sourceTree = "<group>"; };
		E304A2072679A84E00F7FA90 /* KisahKata.xcdatamodel */ = {isa = PBXFileReference; lastKnownFileType = wrapper.xcdatamodel; path = KisahKata.xcdatamodel; sourceTree = "<group>"; };
		E304A2092679A84E00F7FA90 /* Assets.xcassets */ = {isa = PBXFileReference; lastKnownFileType = folder.assetcatalog; path = Assets.xcassets; sourceTree = "<group>"; };
		E304A20C2679A84E00F7FA90 /* Base */ = {isa = PBXFileReference; lastKnownFileType = file.storyboard; name = Base; path = Base.lproj/LaunchScreen.storyboard; sourceTree = "<group>"; };
		E304A20E2679A84E00F7FA90 /* Info.plist */ = {isa = PBXFileReference; lastKnownFileType = text.plist.xml; path = Info.plist; sourceTree = "<group>"; };
		E304A2132679A84F00F7FA90 /* KisahKataTests.xctest */ = {isa = PBXFileReference; explicitFileType = wrapper.cfbundle; includeInIndex = 0; path = KisahKataTests.xctest; sourceTree = BUILT_PRODUCTS_DIR; };
		E304A2172679A84F00F7FA90 /* KisahKataTests.swift */ = {isa = PBXFileReference; lastKnownFileType = sourcecode.swift; path = KisahKataTests.swift; sourceTree = "<group>"; };
		E304A2192679A84F00F7FA90 /* Info.plist */ = {isa = PBXFileReference; lastKnownFileType = text.plist.xml; path = Info.plist; sourceTree = "<group>"; };
		E304A21E2679A84F00F7FA90 /* KisahKataUITests.xctest */ = {isa = PBXFileReference; explicitFileType = wrapper.cfbundle; includeInIndex = 0; path = KisahKataUITests.xctest; sourceTree = BUILT_PRODUCTS_DIR; };
		E304A2222679A84F00F7FA90 /* KisahKataUITests.swift */ = {isa = PBXFileReference; lastKnownFileType = sourcecode.swift; path = KisahKataUITests.swift; sourceTree = "<group>"; };
		E304A2242679A84F00F7FA90 /* Info.plist */ = {isa = PBXFileReference; lastKnownFileType = text.plist.xml; path = Info.plist; sourceTree = "<group>"; };
/* End PBXFileReference section */

/* Begin PBXFrameworksBuildPhase section */
		E304A1F72679A84E00F7FA90 /* Frameworks */ = {
			isa = PBXFrameworksBuildPhase;
			buildActionMask = 2147483647;
			files = (
			);
			runOnlyForDeploymentPostprocessing = 0;
		};
		E304A2102679A84F00F7FA90 /* Frameworks */ = {
			isa = PBXFrameworksBuildPhase;
			buildActionMask = 2147483647;
			files = (
			);
			runOnlyForDeploymentPostprocessing = 0;
		};
		E304A21B2679A84F00F7FA90 /* Frameworks */ = {
			isa = PBXFrameworksBuildPhase;
			buildActionMask = 2147483647;
			files = (
			);
			runOnlyForDeploymentPostprocessing = 0;
		};
/* End PBXFrameworksBuildPhase section */

/* Begin PBXGroup section */
		E304A1F12679A84E00F7FA90 = {
			isa = PBXGroup;
			children = (
				E304A1FC2679A84E00F7FA90 /* KisahKata */,
				E304A2162679A84F00F7FA90 /* KisahKataTests */,
				E304A2212679A84F00F7FA90 /* KisahKataUITests */,
				E304A1FB2679A84E00F7FA90 /* Products */,
			);
			sourceTree = "<group>";
		};
		E304A1FB2679A84E00F7FA90 /* Products */ = {
			isa = PBXGroup;
			children = (
				E304A1FA2679A84E00F7FA90 /* KisahKata.app */,
				E304A2132679A84F00F7FA90 /* KisahKataTests.xctest */,
				E304A21E2679A84F00F7FA90 /* KisahKataUITests.xctest */,
			);
			name = Products;
			sourceTree = "<group>";
		};
		E304A1FC2679A84E00F7FA90 /* KisahKata */ = {
			isa = PBXGroup;
			children = (
				E304A1FD2679A84E00F7FA90 /* AppDelegate.swift */,
				E304A1FF2679A84E00F7FA90 /* SceneDelegate.swift */,
				E304A2012679A84E00F7FA90 /* ViewController.swift */,
				E304A2032679A84E00F7FA90 /* Main.storyboard */,
				E304A2092679A84E00F7FA90 /* Assets.xcassets */,
				E304A20B2679A84E00F7FA90 /* LaunchScreen.storyboard */,
				E304A20E2679A84E00F7FA90 /* Info.plist */,
				E304A2062679A84E00F7FA90 /* KisahKata.xcdatamodeld */,
			);
			path = KisahKata;
			sourceTree = "<group>";
		};
		E304A2162679A84F00F7FA90 /* KisahKataTests */ = {
			isa = PBXGroup;
			children = (
				E304A2172679A84F00F7FA90 /* KisahKataTests.swift */,
				E304A2192679A84F00F7FA90 /* Info.plist */,
			);
			path = KisahKataTests;
			sourceTree = "<group>";
		};
		E304A2212679A84F00F7FA90 /* KisahKataUITests */ = {
			isa = PBXGroup;
			children = (
				E304A2222679A84F00F7FA90 /* KisahKataUITests.swift */,
				E304A2242679A84F00F7FA90 /* Info.plist */,
			);
			path = KisahKataUITests;
			sourceTree = "<group>";
		};
/* End PBXGroup section */

/* Begin PBXNativeTarget section */
		E304A1F92679A84E00F7FA90 /* KisahKata */ = {
			isa = PBXNativeTarget;
			buildConfigurationList = E304A2272679A84F00F7FA90 /* Build configuration list for PBXNativeTarget "KisahKata" */;
			buildPhases = (
				E304A1F62679A84E00F7FA90 /* Sources */,
				E304A1F72679A84E00F7FA90 /* Frameworks */,
				E304A1F82679A84E00F7FA90 /* Resources */,
			);
			buildRules = (
			);
			dependencies = (
			);
			name = KisahKata;
			productName = KisahKata;
			productReference = E304A1FA2679A84E00F7FA90 /* KisahKata.app */;
			productType = "com.apple.product-type.application";
		};
		E304A2122679A84F00F7FA90 /* KisahKataTests */ = {
			isa = PBXNativeTarget;
			buildConfigurationList = E304A22A2679A84F00F7FA90 /* Build configuration list for PBXNativeTarget "KisahKataTests" */;
			buildPhases = (
				E304A20F2679A84F00F7FA90 /* Sources */,
				E304A2102679A84F00F7FA90 /* Frameworks */,
				E304A2112679A84F00F7FA90 /* Resources */,
			);
			buildRules = (
			);
			dependencies = (
				E304A2152679A84F00F7FA90 /* PBXTargetDependency */,
			);
			name = KisahKataTests;
			productName = KisahKataTests;
			productReference = E304A2132679A84F00F7FA90 /* KisahKataTests.xctest */;
			productType = "com.apple.product-type.bundle.unit-test";
		};
		E304A21D2679A84F00F7FA90 /* KisahKataUITests */ = {
			isa = PBXNativeTarget;
			buildConfigurationList = E304A22D2679A84F00F7FA90 /* Build configuration list for PBXNativeTarget "KisahKataUITests" */;
			buildPhases = (
				E304A21A2679A84F00F7FA90 /* Sources */,
				E304A21B2679A84F00F7FA90 /* Frameworks */,
				E304A21C2679A84F00F7FA90 /* Resources */,
			);
			buildRules = (
			);
			dependencies = (
				E304A2202679A84F00F7FA90 /* PBXTargetDependency */,
			);
			name = KisahKataUITests;
			productName = KisahKataUITests;
			productReference = E304A21E2679A84F00F7FA90 /* KisahKataUITests.xctest */;
			productType = "com.apple.product-type.bundle.ui-testing";
		};
/* End PBXNativeTarget section */

/* Begin PBXProject section */
		E304A1F22679A84E00F7FA90 /* Project object */ = {
			isa = PBXProject;
			attributes = {
				LastSwiftUpdateCheck = 1250;
				LastUpgradeCheck = 1250;
				TargetAttributes = {
					E304A1F92679A84E00F7FA90 = {
						CreatedOnToolsVersion = 12.5;
					};
					E304A2122679A84F00F7FA90 = {
						CreatedOnToolsVersion = 12.5;
						TestTargetID = E304A1F92679A84E00F7FA90;
					};
					E304A21D2679A84F00F7FA90 = {
						CreatedOnToolsVersion = 12.5;
						TestTargetID = E304A1F92679A84E00F7FA90;
					};
				};
			};
			buildConfigurationList = E304A1F52679A84E00F7FA90 /* Build configuration list for PBXProject "KisahKata" */;
			compatibilityVersion = "Xcode 9.3";
			developmentRegion = en;
			hasScannedForEncodings = 0;
			knownRegions = (
				en,
				Base,
			);
			mainGroup = E304A1F12679A84E00F7FA90;
			productRefGroup = E304A1FB2679A84E00F7FA90 /* Products */;
			projectDirPath = "";
			projectRoot = "";
			targets = (
				E304A1F92679A84E00F7FA90 /* KisahKata */,
				E304A2122679A84F00F7FA90 /* KisahKataTests */,
				E304A21D2679A84F00F7FA90 /* KisahKataUITests */,
			);
		};
/* End PBXProject section */

/* Begin PBXResourcesBuildPhase section */
		E304A1F82679A84E00F7FA90 /* Resources */ = {
			isa = PBXResourcesBuildPhase;
			buildActionMask = 2147483647;
			files = (
				E304A20D2679A84E00F7FA90 /* LaunchScreen.storyboard in Resources */,
				E304A20A2679A84E00F7FA90 /* Assets.xcassets in Resources */,
				E304A2052679A84E00F7FA90 /* Main.storyboard in Resources */,
			);
			runOnlyForDeploymentPostprocessing = 0;
		};
		E304A2112679A84F00F7FA90 /* Resources */ = {
			isa = PBXResourcesBuildPhase;
			buildActionMask = 2147483647;
			files = (
			);
			runOnlyForDeploymentPostprocessing = 0;
		};
		E304A21C2679A84F00F7FA90 /* Resources */ = {
			isa = PBXResourcesBuildPhase;
			buildActionMask = 2147483647;
			files = (
			);
			runOnlyForDeploymentPostprocessing = 0;
		};
/* End PBXResourcesBuildPhase section */

/* Begin PBXSourcesBuildPhase section */
		E304A1F62679A84E00F7FA90 /* Sources */ = {
			isa = PBXSourcesBuildPhase;
			buildActionMask = 2147483647;
			files = (
				E304A2022679A84E00F7FA90 /* ViewController.swift in Sources */,
				E304A1FE2679A84E00F7FA90 /* AppDelegate.swift in Sources */,
				E304A2002679A84E00F7FA90 /* SceneDelegate.swift in Sources */,
				E304A2082679A84E00F7FA90 /* KisahKata.xcdatamodeld in Sources */,
			);
			runOnlyForDeploymentPostprocessing = 0;
		};
		E304A20F2679A84F00F7FA90 /* Sources */ = {
			isa = PBXSourcesBuildPhase;
			buildActionMask = 2147483647;
			files = (
				E304A2182679A84F00F7FA90 /* KisahKataTests.swift in Sources */,
			);
			runOnlyForDeploymentPostprocessing = 0;
		};
		E304A21A2679A84F00F7FA90 /* Sources */ = {
			isa = PBXSourcesBuildPhase;
			buildActionMask = 2147483647;
			files = (
				E304A2232679A84F00F7FA90 /* KisahKataUITests.swift in Sources */,
			);
			runOnlyForDeploymentPostprocessing = 0;
		};
/* End PBXSourcesBuildPhase section */

/* Begin PBXTargetDependency section */
		E304A2152679A84F00F7FA90 /* PBXTargetDependency */ = {
			isa = PBXTargetDependency;
			target = E304A1F92679A84E00F7FA90 /* KisahKata */;
			targetProxy = E304A2142679A84F00F7FA90 /* PBXContainerItemProxy */;
		};
		E304A2202679A84F00F7FA90 /* PBXTargetDependency */ = {
			isa = PBXTargetDependency;
			target = E304A1F92679A84E00F7FA90 /* KisahKata */;
			targetProxy = E304A21F2679A84F00F7FA90 /* PBXContainerItemProxy */;
		};
/* End PBXTargetDependency section */

/* Begin PBXVariantGroup section */
		E304A2032679A84E00F7FA90 /* Main.storyboard */ = {
			isa = PBXVariantGroup;
			children = (
				E304A2042679A84E00F7FA90 /* Base */,
			);
			name = Main.storyboard;
			sourceTree = "<group>";
		};
		E304A20B2679A84E00F7FA90 /* LaunchScreen.storyboard */ = {
			isa = PBXVariantGroup;
			children = (
				E304A20C2679A84E00F7FA90 /* Base */,
			);
			name = LaunchScreen.storyboard;
			sourceTree = "<group>";
		};
/* End PBXVariantGroup section */

/* Begin XCBuildConfiguration section */
		E304A2252679A84F00F7FA90 /* Debug */ = {
			isa = XCBuildConfiguration;
			buildSettings = {
				ALWAYS_SEARCH_USER_PATHS = NO;
				CLANG_ANALYZER_NONNULL = YES;
				CLANG_ANALYZER_NUMBER_OBJECT_CONVERSION = YES_AGGRESSIVE;
				CLANG_CXX_LANGUAGE_STANDARD = "gnu++14";
				CLANG_CXX_LIBRARY = "libc++";
				CLANG_ENABLE_MODULES = YES;
				CLANG_ENABLE_OBJC_ARC = YES;
				CLANG_ENABLE_OBJC_WEAK = YES;
				CLANG_WARN_BLOCK_CAPTURE_AUTORELEASING = YES;
				CLANG_WARN_BOOL_CONVERSION = YES;
				CLANG_WARN_COMMA = YES;
				CLANG_WARN_CONSTANT_CONVERSION = YES;
				CLANG_WARN_DEPRECATED_OBJC_IMPLEMENTATIONS = YES;
				CLANG_WARN_DIRECT_OBJC_ISA_USAGE = YES_ERROR;
				CLANG_WARN_DOCUMENTATION_COMMENTS = YES;
				CLANG_WARN_EMPTY_BODY = YES;
				CLANG_WARN_ENUM_CONVERSION = YES;
				CLANG_WARN_INFINITE_RECURSION = YES;
				CLANG_WARN_INT_CONVERSION = YES;
				CLANG_WARN_NON_LITERAL_NULL_CONVERSION = YES;
				CLANG_WARN_OBJC_IMPLICIT_RETAIN_SELF = YES;
				CLANG_WARN_OBJC_LITERAL_CONVERSION = YES;
				CLANG_WARN_OBJC_ROOT_CLASS = YES_ERROR;
				CLANG_WARN_QUOTED_INCLUDE_IN_FRAMEWORK_HEADER = YES;
				CLANG_WARN_RANGE_LOOP_ANALYSIS = YES;
				CLANG_WARN_STRICT_PROTOTYPES = YES;
				CLANG_WARN_SUSPICIOUS_MOVE = YES;
				CLANG_WARN_UNGUARDED_AVAILABILITY = YES_AGGRESSIVE;
				CLANG_WARN_UNREACHABLE_CODE = YES;
				CLANG_WARN__DUPLICATE_METHOD_MATCH = YES;
				COPY_PHASE_STRIP = NO;
				DEBUG_INFORMATION_FORMAT = dwarf;
				ENABLE_STRICT_OBJC_MSGSEND = YES;
				ENABLE_TESTABILITY = YES;
				GCC_C_LANGUAGE_STANDARD = gnu11;
				GCC_DYNAMIC_NO_PIC = NO;
				GCC_NO_COMMON_BLOCKS = YES;
				GCC_OPTIMIZATION_LEVEL = 0;
				GCC_PREPROCESSOR_DEFINITIONS = (
					"DEBUG=1",
					"$(inherited)",
				);
				GCC_WARN_64_TO_32_BIT_CONVERSION = YES;
				GCC_WARN_ABOUT_RETURN_TYPE = YES_ERROR;
				GCC_WARN_UNDECLARED_SELECTOR = YES;
				GCC_WARN_UNINITIALIZED_AUTOS = YES_AGGRESSIVE;
				GCC_WARN_UNUSED_FUNCTION = YES;
				GCC_WARN_UNUSED_VARIABLE = YES;
				IPHONEOS_DEPLOYMENT_TARGET = 14.5;
				MTL_ENABLE_DEBUG_INFO = INCLUDE_SOURCE;
				MTL_FAST_MATH = YES;
				ONLY_ACTIVE_ARCH = YES;
				SDKROOT = iphoneos;
				SWIFT_ACTIVE_COMPILATION_CONDITIONS = DEBUG;
				SWIFT_OPTIMIZATION_LEVEL = "-Onone";
			};
			name = Debug;
		};
		E304A2262679A84F00F7FA90 /* Release */ = {
			isa = XCBuildConfiguration;
			buildSettings = {
				ALWAYS_SEARCH_USER_PATHS = NO;
				CLANG_ANALYZER_NONNULL = YES;
				CLANG_ANALYZER_NUMBER_OBJECT_CONVERSION = YES_AGGRESSIVE;
				CLANG_CXX_LANGUAGE_STANDARD = "gnu++14";
				CLANG_CXX_LIBRARY = "libc++";
				CLANG_ENABLE_MODULES = YES;
				CLANG_ENABLE_OBJC_ARC = YES;
				CLANG_ENABLE_OBJC_WEAK = YES;
				CLANG_WARN_BLOCK_CAPTURE_AUTORELEASING = YES;
				CLANG_WARN_BOOL_CONVERSION = YES;
				CLANG_WARN_COMMA = YES;
				CLANG_WARN_CONSTANT_CONVERSION = YES;
				CLANG_WARN_DEPRECATED_OBJC_IMPLEMENTATIONS = YES;
				CLANG_WARN_DIRECT_OBJC_ISA_USAGE = YES_ERROR;
				CLANG_WARN_DOCUMENTATION_COMMENTS = YES;
				CLANG_WARN_EMPTY_BODY = YES;
				CLANG_WARN_ENUM_CONVERSION = YES;
				CLANG_WARN_INFINITE_RECURSION = YES;
				CLANG_WARN_INT_CONVERSION = YES;
				CLANG_WARN_NON_LITERAL_NULL_CONVERSION = YES;
				CLANG_WARN_OBJC_IMPLICIT_RETAIN_SELF = YES;
				CLANG_WARN_OBJC_LITERAL_CONVERSION = YES;
				CLANG_WARN_OBJC_ROOT_CLASS = YES_ERROR;
				CLANG_WARN_QUOTED_INCLUDE_IN_FRAMEWORK_HEADER = YES;
				CLANG_WARN_RANGE_LOOP_ANALYSIS = YES;
				CLANG_WARN_STRICT_PROTOTYPES = YES;
				CLANG_WARN_SUSPICIOUS_MOVE = YES;
				CLANG_WARN_UNGUARDED_AVAILABILITY = YES_AGGRESSIVE;
				CLANG_WARN_UNREACHABLE_CODE = YES;
				CLANG_WARN__DUPLICATE_METHOD_MATCH = YES;
				COPY_PHASE_STRIP = NO;
				DEBUG_INFORMATION_FORMAT = "dwarf-with-dsym";
				ENABLE_NS_ASSERTIONS = NO;
				ENABLE_STRICT_OBJC_MSGSEND = YES;
				GCC_C_LANGUAGE_STANDARD = gnu11;
				GCC_NO_COMMON_BLOCKS = YES;
				GCC_WARN_64_TO_32_BIT_CONVERSION = YES;
				GCC_WARN_ABOUT_RETURN_TYPE = YES_ERROR;
				GCC_WARN_UNDECLARED_SELECTOR = YES;
				GCC_WARN_UNINITIALIZED_AUTOS = YES_AGGRESSIVE;
				GCC_WARN_UNUSED_FUNCTION = YES;
				GCC_WARN_UNUSED_VARIABLE = YES;
				IPHONEOS_DEPLOYMENT_TARGET = 14.5;
				MTL_ENABLE_DEBUG_INFO = NO;
				MTL_FAST_MATH = YES;
				SDKROOT = iphoneos;
				SWIFT_COMPILATION_MODE = wholemodule;
				SWIFT_OPTIMIZATION_LEVEL = "-O";
				VALIDATE_PRODUCT = YES;
			};
			name = Release;
		};
		E304A2282679A84F00F7FA90 /* Debug */ = {
			isa = XCBuildConfiguration;
			buildSettings = {
				ASSETCATALOG_COMPILER_APPICON_NAME = AppIcon;
				ASSETCATALOG_COMPILER_GLOBAL_ACCENT_COLOR_NAME = AccentColor;
				CODE_SIGN_STYLE = Automatic;
				DEVELOPMENT_TEAM = B7LC8VVXHV;
				INFOPLIST_FILE = KisahKata/Info.plist;
				LD_RUNPATH_SEARCH_PATHS = (
					"$(inherited)",
					"@executable_path/Frameworks",
				);
				PRODUCT_BUNDLE_IDENTIFIER = id.infinitelearning.KisahKata;
				PRODUCT_NAME = "$(TARGET_NAME)";
				SWIFT_VERSION = 5.0;
				TARGETED_DEVICE_FAMILY = "1,2";
			};
			name = Debug;
		};
		E304A2292679A84F00F7FA90 /* Release */ = {
			isa = XCBuildConfiguration;
			buildSettings = {
				ASSETCATALOG_COMPILER_APPICON_NAME = AppIcon;
				ASSETCATALOG_COMPILER_GLOBAL_ACCENT_COLOR_NAME = AccentColor;
				CODE_SIGN_STYLE = Automatic;
				DEVELOPMENT_TEAM = B7LC8VVXHV;
				INFOPLIST_FILE = KisahKata/Info.plist;
				LD_RUNPATH_SEARCH_PATHS = (
					"$(inherited)",
					"@executable_path/Frameworks",
				);
				PRODUCT_BUNDLE_IDENTIFIER = id.infinitelearning.KisahKata;
				PRODUCT_NAME = "$(TARGET_NAME)";
				SWIFT_VERSION = 5.0;
				TARGETED_DEVICE_FAMILY = "1,2";
			};
			name = Release;
		};
		E304A22B2679A84F00F7FA90 /* Debug */ = {
			isa = XCBuildConfiguration;
			buildSettings = {
				ALWAYS_EMBED_SWIFT_STANDARD_LIBRARIES = YES;
				BUNDLE_LOADER = "$(TEST_HOST)";
				CODE_SIGN_STYLE = Automatic;
				DEVELOPMENT_TEAM = B7LC8VVXHV;
				INFOPLIST_FILE = KisahKataTests/Info.plist;
				IPHONEOS_DEPLOYMENT_TARGET = 14.5;
				LD_RUNPATH_SEARCH_PATHS = (
					"$(inherited)",
					"@executable_path/Frameworks",
					"@loader_path/Frameworks",
				);
				PRODUCT_BUNDLE_IDENTIFIER = id.infinitelearning.KisahKataTests;
				PRODUCT_NAME = "$(TARGET_NAME)";
				SWIFT_VERSION = 5.0;
				TARGETED_DEVICE_FAMILY = "1,2";
				TEST_HOST = "$(BUILT_PRODUCTS_DIR)/KisahKata.app/KisahKata";
			};
			name = Debug;
		};
		E304A22C2679A84F00F7FA90 /* Release */ = {
			isa = XCBuildConfiguration;
			buildSettings = {
				ALWAYS_EMBED_SWIFT_STANDARD_LIBRARIES = YES;
				BUNDLE_LOADER = "$(TEST_HOST)";
				CODE_SIGN_STYLE = Automatic;
				DEVELOPMENT_TEAM = B7LC8VVXHV;
				INFOPLIST_FILE = KisahKataTests/Info.plist;
				IPHONEOS_DEPLOYMENT_TARGET = 14.5;
				LD_RUNPATH_SEARCH_PATHS = (
					"$(inherited)",
					"@executable_path/Frameworks",
					"@loader_path/Frameworks",
				);
				PRODUCT_BUNDLE_IDENTIFIER = id.infinitelearning.KisahKataTests;
				PRODUCT_NAME = "$(TARGET_NAME)";
				SWIFT_VERSION = 5.0;
				TARGETED_DEVICE_FAMILY = "1,2";
				TEST_HOST = "$(BUILT_PRODUCTS_DIR)/KisahKata.app/KisahKata";
			};
			name = Release;
		};
		E304A22E2679A84F00F7FA90 /* Debug */ = {
			isa = XCBuildConfiguration;
			buildSettings = {
				ALWAYS_EMBED_SWIFT_STANDARD_LIBRARIES = YES;
				CODE_SIGN_STYLE = Automatic;
				DEVELOPMENT_TEAM = B7LC8VVXHV;
				INFOPLIST_FILE = KisahKataUITests/Info.plist;
				LD_RUNPATH_SEARCH_PATHS = (
					"$(inherited)",
					"@executable_path/Frameworks",
					"@loader_path/Frameworks",
				);
				PRODUCT_BUNDLE_IDENTIFIER = id.infinitelearning.KisahKataUITests;
				PRODUCT_NAME = "$(TARGET_NAME)";
				SWIFT_VERSION = 5.0;
				TARGETED_DEVICE_FAMILY = "1,2";
				TEST_TARGET_NAME = KisahKata;
			};
			name = Debug;
		};
		E304A22F2679A84F00F7FA90 /* Release */ = {
			isa = XCBuildConfiguration;
			buildSettings = {
				ALWAYS_EMBED_SWIFT_STANDARD_LIBRARIES = YES;
				CODE_SIGN_STYLE = Automatic;
				DEVELOPMENT_TEAM = B7LC8VVXHV;
				INFOPLIST_FILE = KisahKataUITests/Info.plist;
				LD_RUNPATH_SEARCH_PATHS = (
					"$(inherited)",
					"@executable_path/Frameworks",
					"@loader_path/Frameworks",
				);
				PRODUCT_BUNDLE_IDENTIFIER = id.infinitelearning.KisahKataUITests;
				PRODUCT_NAME = "$(TARGET_NAME)";
				SWIFT_VERSION = 5.0;
				TARGETED_DEVICE_FAMILY = "1,2";
				TEST_TARGET_NAME = KisahKata;
			};
			name = Release;
		};
/* End XCBuildConfiguration section */

/* Begin XCConfigurationList section */
		E304A1F52679A84E00F7FA90 /* Build configuration list for PBXProject "KisahKata" */ = {
			isa = XCConfigurationList;
			buildConfigurations = (
				E304A2252679A84F00F7FA90 /* Debug */,
				E304A2262679A84F00F7FA90 /* Release */,
			);
			defaultConfigurationIsVisible = 0;
			defaultConfigurationName = Release;
		};
		E304A2272679A84F00F7FA90 /* Build configuration list for PBXNativeTarget "KisahKata" */ = {
			isa = XCConfigurationList;
			buildConfigurations = (
				E304A2282679A84F00F7FA90 /* Debug */,
				E304A2292679A84F00F7FA90 /* Release */,
			);
			defaultConfigurationIsVisible = 0;
			defaultConfigurationName = Release;
		};
		E304A22A2679A84F00F7FA90 /* Build configuration list for PBXNativeTarget "KisahKataTests" */ = {
			isa = XCConfigurationList;
			buildConfigurations = (
				E304A22B2679A84F00F7FA90 /* Debug */,
				E304A22C2679A84F00F7FA90 /* Release */,
			);
			defaultConfigurationIsVisible = 0;
			defaultConfigurationName = Release;
		};
		E304A22D2679A84F00F7FA90 /* Build configuration list for PBXNativeTarget "KisahKataUITests" */ = {
			isa = XCConfigurationList;
			buildConfigurations = (
				E304A22E2679A84F00F7FA90 /* Debug */,
				E304A22F2679A84F00F7FA90 /* Release */,
			);
			defaultConfigurationIsVisible = 0;
			defaultConfigurationName = Release;
		};
/* End XCConfigurationList section */

/* Begin XCVersionGroup section */
		E304A2062679A84E00F7FA90 /* KisahKata.xcdatamodeld */ = {
			isa = XCVersionGroup;
			children = (
				E304A2072679A84E00F7FA90 /* KisahKata.xcdatamodel */,
			);
			currentVersion = E304A2072679A84E00F7FA90 /* KisahKata.xcdatamodel */;
			path = KisahKata.xcdatamodeld;
			sourceTree = "<group>";
			versionGroupType = wrapper.xcdatamodel;
		};
/* End XCVersionGroup section */
	};
	rootObject = E304A1F22679A84E00F7FA90 /* Project object */;
}
